
Microsoft Visual Studio Solution File, Format Version 12.00
# Visual Studio Version 17
VisualStudioVersion = 17.0.31903.59
MinimumVisualStudioVersion = 10.0.40219.1
Project("{2150E333-8FDC-42A3-9474-1A3956D46DE8}") = "src", "src", "{B4C68BC1-722B-4069-9E4D-7E7FB04FA20A}"
EndProject
Project("{FAE04EC0-301F-11D3-BF4B-00C04F79EFBC}") = "Lexemes", "src\Lexemes\Lexemes.csproj", "{5DF24E3B-1B89-46DA-8B45-5055AB255A3B}"
EndProject
Project("{2150E333-8FDC-42A3-9474-1A3956D46DE8}") = "tests", "tests", "{0AB3BF05-4346-4AA6-1389-037BE0695223}"
EndProject
Project("{FAE04EC0-301F-11D3-BF4B-00C04F79EFBC}") = "Lexemes.UnitTests", "tests\Lexemes.UnitTests\Lexemes.UnitTests.csproj", "{B46770BB-5DB0-40D0-A3DE-505A16A99DA7}"
EndProject
Project("{FAE04EC0-301F-11D3-BF4B-00C04F79EFBC}") = "TestLibrary", "tests\TestLibrary\TestLibrary.csproj", "{E8C4B2A1-3F6D-42C9-B1E4-9D0A7F2C8E51}"
EndProject
Project("{FAE04EC0-301F-11D3-BF4B-00C04F79EFBC}") = "Parser", "src\Parser\Parser.csproj", "{B2EF11E6-EF69-4558-8F9F-DC27472D61A9}"
EndProject
Project("{FAE04EC0-301F-11D3-BF4B-00C04F79EFBC}") = "Ast", "src\Ast\Ast.csproj", "{BAA98729-57EB-452C-97F7-FA057D614E93}"
EndProject
Project("{FAE04EC0-301F-11D3-BF4B-00C04F79EFBC}") = "Interpreter", "src\Interpreter\Interpreter.csproj", "{17FD2C7B-C162-4332-987C-BDF0C97DAE65}"
EndProject
Project("{FAE04EC0-301F-11D3-BF4B-00C04F79EFBC}") = "Runtime", "src\Runtime\Runtime.csproj", "{BD0632D1-A758-45DD-A27F-E72B79D06CF5}"
EndProject
Project("{FAE04EC0-301F-11D3-BF4B-00C04F79EFBC}") = "Semantics", "src\Semantics\Semantics.csproj", "{C11B59DE-3340-4593-9DE6-E4DC8DD5FDAA}"
EndProject
Project("{FAE04EC0-301F-11D3-BF4B-00C04F79EFBC}") = "VirtualMachine", "src\VirtualMachine\VirtualMachine.csproj", "{AE16DED6-122D-465F-B483-9D9F752B9A12}"
EndProject
Project("{FAE04EC0-301F-11D3-BF4B-00C04F79EFBC}") = "VMCodegen", "src\VMCodegen\VMCodegen.csproj", "{3DA88855-CEE7-4A0B-A886-3F98098B9AC2}"
EndProject
Global
	GlobalSection(SolutionConfigurationPlatforms) = preSolution
		Debug|Any CPU = Debug|Any CPU
		Debug|x64 = Debug|x64
		Debug|x86 = Debug|x86
		Release|Any CPU = Release|Any CPU
		Release|x64 = Release|x64
		Release|x86 = Release|x86
	EndGlobalSection
	GlobalSection(ProjectConfigurationPlatforms) = postSolution
		{5DF24E3B-1B89-46DA-8B45-5055AB255A3B}.Debug|Any CPU.ActiveCfg = Debug|Any CPU
		{5DF24E3B-1B89-46DA-8B45-5055AB255A3B}.Debug|Any CPU.Build.0 = Debug|Any CPU
		{5DF24E3B-1B89-46DA-8B45-5055AB255A3B}.Debug|x64.ActiveCfg = Debug|Any CPU
		{5DF24E3B-1B89-46DA-8B45-5055AB255A3B}.Debug|x64.Build.0 = Debug|Any CPU
		{5DF24E3B-1B89-46DA-8B45-5055AB255A3B}.Debug|x86.ActiveCfg = Debug|Any CPU
		{5DF24E3B-1B89-46DA-8B45-5055AB255A3B}.Debug|x86.Build.0 = Debug|Any CPU
		{5DF24E3B-1B89-46DA-8B45-5055AB255A3B}.Release|Any CPU.ActiveCfg = Release|Any CPU
		{5DF24E3B-1B89-46DA-8B45-5055AB255A3B}.Release|Any CPU.Build.0 = Release|Any CPU
		{5DF24E3B-1B89-46DA-8B45-5055AB255A3B}.Release|x64.ActiveCfg = Release|Any CPU
		{5DF24E3B-1B89-46DA-8B45-5055AB255A3B}.Release|x64.Build.0 = Release|Any CPU
		{5DF24E3B-1B89-46DA-8B45-5055AB255A3B}.Release|x86.ActiveCfg = Release|Any CPU
		{5DF24E3B-1B89-46DA-8B45-5055AB255A3B}.Release|x86.Build.0 = Release|Any CPU
		{B46770BB-5DB0-40D0-A3DE-505A16A99DA7}.Debug|Any CPU.ActiveCfg = Debug|Any CPU
		{B46770BB-5DB0-40D0-A3DE-505A16A99DA7}.Debug|Any CPU.Build.0 = Debug|Any CPU
		{B46770BB-5DB0-40D0-A3DE-505A16A99DA7}.Debug|x64.ActiveCfg = Debug|Any CPU
		{B46770BB-5DB0-40D0-A3DE-505A16A99DA7}.Debug|x64.Build.0 = Debug|Any CPU
		{B46770BB-5DB0-40D0-A3DE-505A16A99DA7}.Debug|x86.ActiveCfg = Debug|Any CPU
		{B46770BB-5DB0-40D0-A3DE-505A16A99DA7}.Debug|x86.Build.0 = Debug|Any CPU
		{B46770BB-5DB0-40D0-A3DE-505A16A99DA7}.Release|Any CPU.ActiveCfg = Release|Any CPU
		{B46770BB-5DB0-40D0-A3DE-505A16A99DA7}.Release|Any CPU.Build.0 = Release|Any CPU
		{B46770BB-5DB0-40D0-A3DE-505A16A99DA7}.Release|x64.ActiveCfg = Release|Any CPU
		{B46770BB-5DB0-40D0-A3DE-505A16A99DA7}.Release|x64.Build.0 = Release|Any CPU
		{B46770BB-5DB0-40D0-A3DE-505A16A99DA7}.Release|x86.ActiveCfg = Release|Any CPU
		{B46770BB-5DB0-40D0-A3DE-505A16A99DA7}.Release|x86.Build.0 = Release|Any CPU
		{E8C4B2A1-3F6D-42C9-B1E4-9D0A7F2C8E51}.Debug|Any CPU.ActiveCfg = Debug|Any CPU
		{E8C4B2A1-3F6D-42C9-B1E4-9D0A7F2C8E51}.Debug|Any CPU.Build.0 = Debug|Any CPU
		{E8C4B2A1-3F6D-42C9-B1E4-9D0A7F2C8E51}.Debug|x64.ActiveCfg = Debug|Any CPU
		{E8C4B2A1-3F6D-42C9-B1E4-9D0A7F2C8E51}.Debug|x64.Build.0 = Debug|Any CPU
		{E8C4B2A1-3F6D-42C9-B1E4-9D0A7F2C8E51}.Debug|x86.ActiveCfg = Debug|Any CPU
		{E8C4B2A1-3F6D-42C9-B1E4-9D0A7F2C8E51}.Debug|x86.Build.0 = Debug|Any CPU
		{E8C4B2A1-3F6D-42C9-B1E4-9D0A7F2C8E51}.Release|Any CPU.ActiveCfg = Release|Any CPU
		{E8C4B2A1-3F6D-42C9-B1E4-9D0A7F2C8E51}.Release|Any CPU.Build.0 = Release|Any CPU
		{E8C4B2A1-3F6D-42C9-B1E4-9D0A7F2C8E51}.Release|x64.ActiveCfg = Release|Any CPU
		{E8C4B2A1-3F6D-42C9-B1E4-9D0A7F2C8E51}.Release|x64.Build.0 = Release|Any CPU
		{E8C4B2A1-3F6D-42C9-B1E4-9D0A7F2C8E51}.Release|x86.ActiveCfg = Release|Any CPU
		{E8C4B2A1-3F6D-42C9-B1E4-9D0A7F2C8E51}.Release|x86.Build.0 = Release|Any CPU
		{B2EF11E6-EF69-4558-8F9F-DC27472D61A9}.Debug|Any CPU.ActiveCfg = Debug|Any CPU
		{B2EF11E6-EF69-4558-8F9F-DC27472D61A9}.Debug|Any CPU.Build.0 = Debug|Any CPU
		{B2EF11E6-EF69-4558-8F9F-DC27472D61A9}.Debug|x64.ActiveCfg = Debug|Any CPU
		{B2EF11E6-EF69-4558-8F9F-DC27472D61A9}.Debug|x64.Build.0 = Debug|Any CPU
		{B2EF11E6-EF69-4558-8F9F-DC27472D61A9}.Debug|x86.ActiveCfg = Debug|Any CPU
		{B2EF11E6-EF69-4558-8F9F-DC27472D61A9}.Debug|x86.Build.0 = Debug|Any CPU
		{B2EF11E6-EF69-4558-8F9F-DC27472D61A9}.Release|Any CPU.ActiveCfg = Release|Any CPU
		{B2EF11E6-EF69-4558-8F9F-DC27472D61A9}.Release|Any CPU.Build.0 = Release|Any CPU
		{B2EF11E6-EF69-4558-8F9F-DC27472D61A9}.Release|x64.ActiveCfg = Release|Any CPU
		{B2EF11E6-EF69-4558-8F9F-DC27472D61A9}.Release|x64.Build.0 = Release|Any CPU
		{B2EF11E6-EF69-4558-8F9F-DC27472D61A9}.Release|x86.ActiveCfg = Release|Any CPU
		{B2EF11E6-EF69-4558-8F9F-DC27472D61A9}.Release|x86.Build.0 = Release|Any CPU
		{BAA98729-57EB-452C-97F7-FA057D614E93}.Debug|Any CPU.ActiveCfg = Debug|Any CPU
		{BAA98729-57EB-452C-97F7-FA057D614E93}.Debug|Any CPU.Build.0 = Debug|Any CPU
		{BAA98729-57EB-452C-97F7-FA057D614E93}.Debug|x64.ActiveCfg = Debug|Any CPU
		{BAA98729-57EB-452C-97F7-FA057D614E93}.Debug|x64.Build.0 = Debug|Any CPU
		{BAA98729-57EB-452C-97F7-FA057D614E93}.Debug|x86.ActiveCfg = Debug|Any CPU
		{BAA98729-57EB-452C-97F7-FA057D614E93}.Debug|x86.Build.0 = Debug|Any CPU
		{BAA98729-57EB-452C-97F7-FA057D614E93}.Release|Any CPU.ActiveCfg = Release|Any CPU
		{BAA98729-57EB-452C-97F7-FA057D614E93}.Release|Any CPU.Build.0 = Release|Any CPU
		{BAA98729-57EB-452C-97F7-FA057D614E93}.Release|x64.ActiveCfg = Release|Any CPU
		{BAA98729-57EB-452C-97F7-FA057D614E93}.Release|x64.Build.0 = Release|Any CPU
		{BAA98729-57EB-452C-97F7-FA057D614E93}.Release|x86.ActiveCfg = Release|Any CPU
		{BAA98729-57EB-452C-97F7-FA057D614E93}.Release|x86.Build.0 = Release|Any CPU
		{17FD2C7B-C162-4332-987C-BDF0C97DAE65}.Debug|Any CPU.ActiveCfg = Debug|Any CPU
		{17FD2C7B-C162-4332-987C-BDF0C97DAE65}.Debug|Any CPU.Build.0 = Debug|Any CPU
		{17FD2C7B-C162-4332-987C-BDF0C97DAE65}.Debug|x64.ActiveCfg = Debug|Any CPU
		{17FD2C7B-C162-4332-987C-BDF0C97DAE65}.Debug|x64.Build.0 = Debug|Any CPU
		{17FD2C7B-C162-4332-987C-BDF0C97DAE65}.Debug|x86.ActiveCfg = Debug|Any CPU
		{17FD2C7B-C162-4332-987C-BDF0C97DAE65}.Debug|x86.Build.0 = Debug|Any CPU
		{17FD2C7B-C162-4332-987C-BDF0C97DAE65}.Release|Any CPU.ActiveCfg = Release|Any CPU
		{17FD2C7B-C162-4332-987C-BDF0C97DAE65}.Release|Any CPU.Build.0 = Release|Any CPU
		{17FD2C7B-C162-4332-987C-BDF0C97DAE65}.Release|x64.ActiveCfg = Release|Any CPU
		{17FD2C7B-C162-4332-987C-BDF0C97DAE65}.Release|x64.Build.0 = Release|Any CPU
		{17FD2C7B-C162-4332-987C-BDF0C97DAE65}.Release|x86.ActiveCfg = Release|Any CPU
		{17FD2C7B-C162-4332-987C-BDF0C97DAE65}.Release|x86.Build.0 = Release|Any CPU
		{BD0632D1-A758-45DD-A27F-E72B79D06CF5}.Debug|Any CPU.ActiveCfg = Debug|Any CPU
		{BD0632D1-A758-45DD-A27F-E72B79D06CF5}.Debug|Any CPU.Build.0 = Debug|Any CPU
		{BD0632D1-A758-45DD-A27F-E72B79D06CF5}.Debug|x64.ActiveCfg = Debug|Any CPU
		{BD0632D1-A758-45DD-A27F-E72B79D06CF5}.Debug|x64.Build.0 = Debug|Any CPU
		{BD0632D1-A758-45DD-A27F-E72B79D06CF5}.Debug|x86.ActiveCfg = Debug|Any CPU
		{BD0632D1-A758-45DD-A27F-E72B79D06CF5}.Debug|x86.Build.0 = Debug|Any CPU
		{BD0632D1-A758-45DD-A27F-E72B79D06CF5}.Release|Any CPU.ActiveCfg = Release|Any CPU
		{BD0632D1-A758-45DD-A27F-E72B79D06CF5}.Release|Any CPU.Build.0 = Release|Any CPU
		{BD0632D1-A758-45DD-A27F-E72B79D06CF5}.Release|x64.ActiveCfg = Release|Any CPU
		{BD0632D1-A758-45DD-A27F-E72B79D06CF5}.Release|x64.Build.0 = Release|Any CPU
		{BD0632D1-A758-45DD-A27F-E72B79D06CF5}.Release|x86.ActiveCfg = Release|Any CPU
		{BD0632D1-A758-45DD-A27F-E72B79D06CF5}.Release|x86.Build.0 = Release|Any CPU
		{C11B59DE-3340-4593-9DE6-E4DC8DD5FDAA}.Debug|Any CPU.ActiveCfg = Debug|Any CPU
		{C11B59DE-3340-4593-9DE6-E4DC8DD5FDAA}.Debug|Any CPU.Build.0 = Debug|Any CPU
		{C11B59DE-3340-4593-9DE6-E4DC8DD5FDAA}.Debug|x64.ActiveCfg = Debug|Any CPU
		{C11B59DE-3340-4593-9DE6-E4DC8DD5FDAA}.Debug|x64.Build.0 = Debug|Any CPU
		{C11B59DE-3340-4593-9DE6-E4DC8DD5FDAA}.Debug|x86.ActiveCfg = Debug|Any CPU
		{C11B59DE-3340-4593-9DE6-E4DC8DD5FDAA}.Debug|x86.Build.0 = Debug|Any CPU
		{C11B59DE-3340-4593-9DE6-E4DC8DD5FDAA}.Release|Any CPU.ActiveCfg = Release|Any CPU
		{C11B59DE-3340-4593-9DE6-E4DC8DD5FDAA}.Release|Any CPU.Build.0 = Release|Any CPU
		{C11B59DE-3340-4593-9DE6-E4DC8DD5FDAA}.Release|x64.ActiveCfg = Release|Any CPU
		{C11B59DE-3340-4593-9DE6-E4DC8DD5FDAA}.Release|x64.Build.0 = Release|Any CPU
		{C11B59DE-3340-4593-9DE6-E4DC8DD5FDAA}.Release|x86.ActiveCfg = Release|Any CPU
		{C11B59DE-3340-4593-9DE6-E4DC8DD5FDAA}.Release|x86.Build.0 = Release|Any CPU
		{AE16DED6-122D-465F-B483-9D9F752B9A12}.Debug|Any CPU.ActiveCfg = Debug|Any CPU
		{AE16DED6-122D-465F-B483-9D9F752B9A12}.Debug|Any CPU.Build.0 = Debug|Any CPU
		{AE16DED6-122D-465F-B483-9D9F752B9A12}.Debug|x64.ActiveCfg = Debug|Any CPU
		{AE16DED6-122D-465F-B483-9D9F752B9A12}.Debug|x64.Build.0 = Debug|Any CPU
		{AE16DED6-122D-465F-B483-9D9F752B9A12}.Debug|x86.ActiveCfg = Debug|Any CPU
		{AE16DED6-122D-465F-B483-9D9F752B9A12}.Debug|x86.Build.0 = Debug|Any CPU
		{AE16DED6-122D-465F-B483-9D9F752B9A12}.Release|Any CPU.ActiveCfg = Release|Any CPU
		{AE16DED6-122D-465F-B483-9D9F752B9A12}.Release|Any CPU.Build.0 = Release|Any CPU
		{AE16DED6-122D-465F-B483-9D9F752B9A12}.Release|x64.ActiveCfg = Release|Any CPU
		{AE16DED6-122D-465F-B483-9D9F752B9A12}.Release|x64.Build.0 = Release|Any CPU
		{AE16DED6-122D-465F-B483-9D9F752B9A12}.Release|x86.ActiveCfg = Release|Any CPU
		{AE16DED6-122D-465F-B483-9D9F752B9A12}.Release|x86.Build.0 = Release|Any CPU
		{3DA88855-CEE7-4A0B-A886-3F98098B9AC2}.Debug|Any CPU.ActiveCfg = Debug|Any CPU
		{3DA88855-CEE7-4A0B-A886-3F98098B9AC2}.Debug|Any CPU.Build.0 = Debug|Any CPU
		{3DA88855-CEE7-4A0B-A886-3F98098B9AC2}.Debug|x64.ActiveCfg = Debug|Any CPU
		{3DA88855-CEE7-4A0B-A886-3F98098B9AC2}.Debug|x64.Build.0 = Debug|Any CPU
		{3DA88855-CEE7-4A0B-A886-3F98098B9AC2}.Debug|x86.ActiveCfg = Debug|Any CPU
		{3DA88855-CEE7-4A0B-A886-3F98098B9AC2}.Debug|x86.Build.0 = Debug|Any CPU
		{3DA88855-CEE7-4A0B-A886-3F98098B9AC2}.Release|Any CPU.ActiveCfg = Release|Any CPU
		{3DA88855-CEE7-4A0B-A886-3F98098B9AC2}.Release|Any CPU.Build.0 = Release|Any CPU
		{3DA88855-CEE7-4A0B-A886-3F98098B9AC2}.Release|x64.ActiveCfg = Release|Any CPU
		{3DA88855-CEE7-4A0B-A886-3F98098B9AC2}.Release|x64.Build.0 = Release|Any CPU
		{3DA88855-CEE7-4A0B-A886-3F98098B9AC2}.Release|x86.ActiveCfg = Release|Any CPU
		{3DA88855-CEE7-4A0B-A886-3F98098B9AC2}.Release|x86.Build.0 = Release|Any CPU
	EndGlobalSection
	GlobalSection(SolutionProperties) = preSolution
		HideSolutionNode = FALSE
	EndGlobalSection
	GlobalSection(NestedProjects) = preSolution
		{5DF24E3B-1B89-46DA-8B45-5055AB255A3B} = {B4C68BC1-722B-4069-9E4D-7E7FB04FA20A}
		{B46770BB-5DB0-40D0-A3DE-505A16A99DA7} = {0AB3BF05-4346-4AA6-1389-037BE0695223}
		{E8C4B2A1-3F6D-42C9-B1E4-9D0A7F2C8E51} = {0AB3BF05-4346-4AA6-1389-037BE0695223}
		{B2EF11E6-EF69-4558-8F9F-DC27472D61A9} = {B4C68BC1-722B-4069-9E4D-7E7FB04FA20A}
		{BAA98729-57EB-452C-97F7-FA057D614E93} = {B4C68BC1-722B-4069-9E4D-7E7FB04FA20A}
		{17FD2C7B-C162-4332-987C-BDF0C97DAE65} = {B4C68BC1-722B-4069-9E4D-7E7FB04FA20A}
		{BD0632D1-A758-45DD-A27F-E72B79D06CF5} = {B4C68BC1-722B-4069-9E4D-7E7FB04FA20A}
		{C11B59DE-3340-4593-9DE6-E4DC8DD5FDAA} = {B4C68BC1-722B-4069-9E4D-7E7FB04FA20A}
		{AE16DED6-122D-465F-B483-9D9F752B9A12} = {B4C68BC1-722B-4069-9E4D-7E7FB04FA20A}
		{3DA88855-CEE7-4A0B-A886-3F98098B9AC2} = {B4C68BC1-722B-4069-9E4D-7E7FB04FA20A}
	EndGlobalSection
EndGlobal
